
Microsoft Visual Studio Solution File, Format Version 12.00
# Visual Studio Version 17
Project("{2150E333-8FDC-42A3-9474-1A3956D46DE8}") = "CMakePredefinedTargets", "CMakePredefinedTargets", "{40EB72CD-4AC2-37C9-BDC5-EB33E8F8BA41}"
EndProject
Project("{2150E333-8FDC-42A3-9474-1A3956D46DE8}") = "GLFW3", "GLFW3", "{E920333B-5702-37F5-87FD-10785043D347}"
EndProject
Project("{8BC9CEB8-8B4A-11D0-8D11-00A0C91BC942}") = "ALL_BUILD", "ALL_BUILD.vcxproj", "{E9407E8E-5E13-3C5F-A6BE-8C4EFF929B2D}"
	ProjectSection(ProjectDependencies) = postProject
		{F16B692A-4ADB-3991-9561-35BAF04F4FC9} = {F16B692A-4ADB-3991-9561-35BAF04F4FC9}
		{FC48B1A8-E632-36E7-A749-DD9EE1FE1B19} = {FC48B1A8-E632-36E7-A749-DD9EE1FE1B19}
		{BD63C5D5-16A6-31AB-AD38-08A3154A891F} = {BD63C5D5-16A6-31AB-AD38-08A3154A891F}
	EndProjectSection
EndProject
Project("{8BC9CEB8-8B4A-11D0-8D11-00A0C91BC942}") = "BattleCity", "BattleCity.vcxproj", "{F16B692A-4ADB-3991-9561-35BAF04F4FC9}"
	ProjectSection(ProjectDependencies) = postProject
		{FC48B1A8-E632-36E7-A749-DD9EE1FE1B19} = {FC48B1A8-E632-36E7-A749-DD9EE1FE1B19}
		{BD63C5D5-16A6-31AB-AD38-08A3154A891F} = {BD63C5D5-16A6-31AB-AD38-08A3154A891F}
	EndProjectSection
EndProject
Project("{8BC9CEB8-8B4A-11D0-8D11-00A0C91BC942}") = "INSTALL", "INSTALL.vcxproj", "{F82B9DA0-8F9D-3B72-9A9F-047D7B9D3997}"
	ProjectSection(ProjectDependencies) = postProject
		{E9407E8E-5E13-3C5F-A6BE-8C4EFF929B2D} = {E9407E8E-5E13-3C5F-A6BE-8C4EFF929B2D}
		{FC48B1A8-E632-36E7-A749-DD9EE1FE1B19} = {FC48B1A8-E632-36E7-A749-DD9EE1FE1B19}
	EndProjectSection
EndProject
Project("{8BC9CEB8-8B4A-11D0-8D11-00A0C91BC942}") = "ZERO_CHECK", "ZERO_CHECK.vcxproj", "{FC48B1A8-E632-36E7-A749-DD9EE1FE1B19}"
	ProjectSection(ProjectDependencies) = postProject
	EndProjectSection
EndProject
Project("{8BC9CEB8-8B4A-11D0-8D11-00A0C91BC942}") = "glfw", "external\glfw\src\glfw.vcxproj", "{BD63C5D5-16A6-31AB-AD38-08A3154A891F}"
	ProjectSection(ProjectDependencies) = postProject
		{FC48B1A8-E632-36E7-A749-DD9EE1FE1B19} = {FC48B1A8-E632-36E7-A749-DD9EE1FE1B19}
	EndProjectSection
EndProject
Project("{8BC9CEB8-8B4A-11D0-8D11-00A0C91BC942}") = "uninstall", "external\glfw\uninstall.vcxproj", "{C02AA667-D394-3006-9BAB-5419DF99D2DF}"
	ProjectSection(ProjectDependencies) = postProject
		{FC48B1A8-E632-36E7-A749-DD9EE1FE1B19} = {FC48B1A8-E632-36E7-A749-DD9EE1FE1B19}
	EndProjectSection
EndProject
Project("{8BC9CEB8-8B4A-11D0-8D11-00A0C91BC942}") = "update_mappings", "external\glfw\src\update_mappings.vcxproj", "{857E9BB7-0C59-3A48-B777-DF64C9D35BA2}"
	ProjectSection(ProjectDependencies) = postProject
		{FC48B1A8-E632-36E7-A749-DD9EE1FE1B19} = {FC48B1A8-E632-36E7-A749-DD9EE1FE1B19}
	EndProjectSection
EndProject
Global
	GlobalSection(SolutionConfigurationPlatforms) = preSolution
		Debug|x64 = Debug|x64
		Release|x64 = Release|x64
		MinSizeRel|x64 = MinSizeRel|x64
		RelWithDebInfo|x64 = RelWithDebInfo|x64
	EndGlobalSection
	GlobalSection(ProjectConfigurationPlatforms) = postSolution
		{E9407E8E-5E13-3C5F-A6BE-8C4EFF929B2D}.Debug|x64.ActiveCfg = Debug|x64
		{E9407E8E-5E13-3C5F-A6BE-8C4EFF929B2D}.Debug|x64.Build.0 = Debug|x64
		{E9407E8E-5E13-3C5F-A6BE-8C4EFF929B2D}.Release|x64.ActiveCfg = Release|x64
		{E9407E8E-5E13-3C5F-A6BE-8C4EFF929B2D}.Release|x64.Build.0 = Release|x64
		{E9407E8E-5E13-3C5F-A6BE-8C4EFF929B2D}.MinSizeRel|x64.ActiveCfg = MinSizeRel|x64
		{E9407E8E-5E13-3C5F-A6BE-8C4EFF929B2D}.MinSizeRel|x64.Build.0 = MinSizeRel|x64
		{E9407E8E-5E13-3C5F-A6BE-8C4EFF929B2D}.RelWithDebInfo|x64.ActiveCfg = RelWithDebInfo|x64
		{E9407E8E-5E13-3C5F-A6BE-8C4EFF929B2D}.RelWithDebInfo|x64.Build.0 = RelWithDebInfo|x64
		{F16B692A-4ADB-3991-9561-35BAF04F4FC9}.Debug|x64.ActiveCfg = Debug|x64
		{F16B692A-4ADB-3991-9561-35BAF04F4FC9}.Debug|x64.Build.0 = Debug|x64
		{F16B692A-4ADB-3991-9561-35BAF04F4FC9}.Release|x64.ActiveCfg = Release|x64
		{F16B692A-4ADB-3991-9561-35BAF04F4FC9}.Release|x64.Build.0 = Release|x64
		{F16B692A-4ADB-3991-9561-35BAF04F4FC9}.MinSizeRel|x64.ActiveCfg = MinSizeRel|x64
		{F16B692A-4ADB-3991-9561-35BAF04F4FC9}.MinSizeRel|x64.Build.0 = MinSizeRel|x64
		{F16B692A-4ADB-3991-9561-35BAF04F4FC9}.RelWithDebInfo|x64.ActiveCfg = RelWithDebInfo|x64
		{F16B692A-4ADB-3991-9561-35BAF04F4FC9}.RelWithDebInfo|x64.Build.0 = RelWithDebInfo|x64
		{F82B9DA0-8F9D-3B72-9A9F-047D7B9D3997}.Debug|x64.ActiveCfg = Debug|x64
		{F82B9DA0-8F9D-3B72-9A9F-047D7B9D3997}.Release|x64.ActiveCfg = Release|x64
		{F82B9DA0-8F9D-3B72-9A9F-047D7B9D3997}.MinSizeRel|x64.ActiveCfg = MinSizeRel|x64
		{F82B9DA0-8F9D-3B72-9A9F-047D7B9D3997}.RelWithDebInfo|x64.ActiveCfg = RelWithDebInfo|x64
		{FC48B1A8-E632-36E7-A749-DD9EE1FE1B19}.Debug|x64.ActiveCfg = Debug|x64
		{FC48B1A8-E632-36E7-A749-DD9EE1FE1B19}.Debug|x64.Build.0 = Debug|x64
		{FC48B1A8-E632-36E7-A749-DD9EE1FE1B19}.Release|x64.ActiveCfg = Release|x64
		{FC48B1A8-E632-36E7-A749-DD9EE1FE1B19}.Release|x64.Build.0 = Release|x64
		{FC48B1A8-E632-36E7-A749-DD9EE1FE1B19}.MinSizeRel|x64.ActiveCfg = MinSizeRel|x64
		{FC48B1A8-E632-36E7-A749-DD9EE1FE1B19}.MinSizeRel|x64.Build.0 = MinSizeRel|x64
		{FC48B1A8-E632-36E7-A749-DD9EE1FE1B19}.RelWithDebInfo|x64.ActiveCfg = RelWithDebInfo|x64
		{FC48B1A8-E632-36E7-A749-DD9EE1FE1B19}.RelWithDebInfo|x64.Build.0 = RelWithDebInfo|x64
		{BD63C5D5-16A6-31AB-AD38-08A3154A891F}.Debug|x64.ActiveCfg = Debug|x64
		{BD63C5D5-16A6-31AB-AD38-08A3154A891F}.Debug|x64.Build.0 = Debug|x64
		{BD63C5D5-16A6-31AB-AD38-08A3154A891F}.Release|x64.ActiveCfg = Release|x64
		{BD63C5D5-16A6-31AB-AD38-08A3154A891F}.Release|x64.Build.0 = Release|x64
		{BD63C5D5-16A6-31AB-AD38-08A3154A891F}.MinSizeRel|x64.ActiveCfg = MinSizeRel|x64
		{BD63C5D5-16A6-31AB-AD38-08A3154A891F}.MinSizeRel|x64.Build.0 = MinSizeRel|x64
		{BD63C5D5-16A6-31AB-AD38-08A3154A891F}.RelWithDebInfo|x64.ActiveCfg = RelWithDebInfo|x64
		{BD63C5D5-16A6-31AB-AD38-08A3154A891F}.RelWithDebInfo|x64.Build.0 = RelWithDebInfo|x64
		{C02AA667-D394-3006-9BAB-5419DF99D2DF}.Debug|x64.ActiveCfg = Debug|x64
		{C02AA667-D394-3006-9BAB-5419DF99D2DF}.Release|x64.ActiveCfg = Release|x64
		{C02AA667-D394-3006-9BAB-5419DF99D2DF}.MinSizeRel|x64.ActiveCfg = MinSizeRel|x64
		{C02AA667-D394-3006-9BAB-5419DF99D2DF}.RelWithDebInfo|x64.ActiveCfg = RelWithDebInfo|x64
		{857E9BB7-0C59-3A48-B777-DF64C9D35BA2}.Debug|x64.ActiveCfg = Debug|x64
		{857E9BB7-0C59-3A48-B777-DF64C9D35BA2}.Release|x64.ActiveCfg = Release|x64
		{857E9BB7-0C59-3A48-B777-DF64C9D35BA2}.MinSizeRel|x64.ActiveCfg = MinSizeRel|x64
		{857E9BB7-0C59-3A48-B777-DF64C9D35BA2}.RelWithDebInfo|x64.ActiveCfg = RelWithDebInfo|x64
	EndGlobalSection
	GlobalSection(NestedProjects) = preSolution
		{E9407E8E-5E13-3C5F-A6BE-8C4EFF929B2D} = {40EB72CD-4AC2-37C9-BDC5-EB33E8F8BA41}
		{F82B9DA0-8F9D-3B72-9A9F-047D7B9D3997} = {40EB72CD-4AC2-37C9-BDC5-EB33E8F8BA41}
		{FC48B1A8-E632-36E7-A749-DD9EE1FE1B19} = {40EB72CD-4AC2-37C9-BDC5-EB33E8F8BA41}
		{BD63C5D5-16A6-31AB-AD38-08A3154A891F} = {E920333B-5702-37F5-87FD-10785043D347}
		{C02AA667-D394-3006-9BAB-5419DF99D2DF} = {E920333B-5702-37F5-87FD-10785043D347}
		{857E9BB7-0C59-3A48-B777-DF64C9D35BA2} = {E920333B-5702-37F5-87FD-10785043D347}
	EndGlobalSection
	GlobalSection(ExtensibilityGlobals) = postSolution
		SolutionGuid = {939D1A2D-C46C-3CA9-A171-37752253434C}
	EndGlobalSection
	GlobalSection(ExtensibilityAddIns) = postSolution
	EndGlobalSection
EndGlobal
