<?xml version="1.0" encoding="utf-8"?>
<Project ToolsVersion="17.0" xmlns="http://schemas.microsoft.com/developer/msbuild/2003">
  <ItemGroup>
    <CustomBuild Include="D:\repository\BattleCity\build1\CMakeFiles\ebb49a71624a8f84a1b16d60be64fa07\generate.stamp.rule">
      <Filter>CMake Rules</Filter>
    </CustomBuild>
  </ItemGroup>
  <ItemGroup>
    <Filter Include="CMake Rules">
      <UniqueIdentifier>{5A3D4BBE-7C63-341A-A0C5-B31743D49292}</UniqueIdentifier>
    </Filter>
  </ItemGroup>
</Project>
